{
  "nodes": {
    "externalHostsfile": {
      "flake": false,
      "locked": {
        "narHash": "sha256-gKkMkenqDvYFC4lbOLvoF1dlqUhd+LINtBX6EBqAqZo=",
        "type": "file",
        "url": "https://github.com/StevenBlack/hosts/raw/master/alternates/fakenews-gambling-porn/hosts"
      },
      "original": {
        "type": "file",
        "url": "https://github.com/StevenBlack/hosts/raw/master/alternates/fakenews-gambling-porn/hosts"
      }
    },
    "extra_config": {
      "flake": false,
      "locked": {
        "lastModified": 1,
        "narHash": "sha256-vWdKFLD3gWYJVorART2x0WgjicTkIm/pgJSPI6JbET0=",
        "path": "/nix/store/61p0p26w4vgchfybd18y8g1amqwcp0iw-source/extra_config",
        "type": "path"
      },
      "original": {
        "path": "/nix/store/61p0p26w4vgchfybd18y8g1amqwcp0iw-source/extra_config",
        "type": "path"
      }
    },
    "flake-utils": {
      "inputs": {
        "systems": "systems"
      },
      "locked": {
        "lastModified": 1689068808,
        "narHash": "sha256-6ixXo3wt24N/melDWjq70UuHQLxGV8jZvooRanIHXw0=",
        "owner": "numtide",
        "repo": "flake-utils",
        "rev": "919d646de7be200f3bf08cb76ae1f09402b6f9b4",
        "type": "github"
      },
      "original": {
        "owner": "numtide",
        "repo": "flake-utils",
        "type": "github"
      }
    },
    "flake-utils_2": {
      "locked": {
        "lastModified": 1667395993,
        "narHash": "sha256-nuEHfE/LcWyuSWnS8t12N1wc105Qtau+/OdUAjtQ0rA=",
        "owner": "numtide",
        "repo": "flake-utils",
        "rev": "5aed5285a952e0b949eb3ba02c12fa4fcfef535f",
        "type": "github"
      },
      "original": {
        "owner": "numtide",
        "repo": "flake-utils",
        "type": "github"
      }
    },
    "home-manager": {
      "inputs": {
        "nixpkgs": [
          "nixpkgs"
        ]
      },
      "locked": {
        "lastModified": 1692099905,
        "narHash": "sha256-/pSusGhmIdSdAaywQRFA5dVbfdIzlWQTecM+E46+cJ0=",
        "owner": "nix-community",
        "repo": "home-manager",
        "rev": "2a6679aa9cc3872c29ba2a57fe1b71b3e3c5649f",
        "type": "github"
      },
      "original": {
        "owner": "nix-community",
        "ref": "release-23.05",
        "repo": "home-manager",
        "type": "github"
      }
    },
    "neovim": {
      "inputs": {
        "extra_config": "extra_config",
        "flake-utils": "flake-utils",
        "neovim-flake": "neovim-flake",
        "nixpkgs": "nixpkgs",
        "plugin:delay-train": "plugin:delay-train",
        "plugin:femaco": "plugin:femaco",
        "plugin:idris2-nvim": "plugin:idris2-nvim",
        "plugin:image_preview": "plugin:image_preview",
        "plugin:lspconfig": "plugin:lspconfig",
        "plugin:navbuddy": "plugin:navbuddy",
        "plugin:nim": "plugin:nim",
        "plugin:nvim-dap-go": "plugin:nvim-dap-go",
        "plugin:tree-climber": "plugin:tree-climber"
      },
      "locked": {
        "lastModified": 1692107112,
        "narHash": "sha256-8zMACUwS79KSme3XSXzoguXkP0IJaloKQTjk/2HGQbM=",
        "path": "/home/hofsiedge/.nixos-config/nvim",
        "type": "path"
      },
      "original": {
        "path": "/home/hofsiedge/.nixos-config/nvim",
        "type": "path"
      }
    },
    "neovim-flake": {
      "inputs": {
        "flake-utils": "flake-utils_2",
        "nixpkgs": [
          "neovim",
          "nixpkgs"
        ]
      },
      "locked": {
        "dir": "contrib",
        "lastModified": 1685359478,
        "narHash": "sha256-G51qD7GklEn0JrneKSSqDDx0Odi7W2FjdQc0ZDE9ZK4=",
        "owner": "neovim",
        "repo": "neovim",
        "rev": "7d4bba7aa7a4a3444919ea7a3804094c290395ef",
        "type": "github"
      },
      "original": {
        "dir": "contrib",
        "owner": "neovim",
        "ref": "stable",
        "repo": "neovim",
        "type": "github"
      }
    },
    "nix-index-database": {
      "inputs": {
        "nixpkgs": [
          "nixpkgs"
        ]
      },
      "locked": {
        "lastModified": 1692503351,
        "narHash": "sha256-FdG0wnizM9mAUgi58KP1tXaX4ogVooPDS6VwsGEqZ9s=",
        "owner": "Mic92",
        "repo": "nix-index-database",
        "rev": "4becac130db930e9de8c3fe58bfa245c119b9eeb",
        "type": "github"
      },
      "original": {
        "owner": "Mic92",
        "repo": "nix-index-database",
        "type": "github"
      }
    },
    "nixpkgs": {
      "locked": {
        "lastModified": 1690753480,
        "narHash": "sha256-GQgPs8fCh/LsyQoYMUZgT2p7jFVWyHu9p+1Nl/dp8GY=",
        "owner": "nixos",
        "repo": "nixpkgs",
        "rev": "9e06dd56947c1dc3dc837c3149bfe02c71a6edd7",
        "type": "github"
      },
      "original": {
        "owner": "nixos",
        "ref": "nixpkgs-unstable",
        "repo": "nixpkgs",
        "type": "github"
      }
    },
    "nixpkgs_2": {
      "locked": {
        "lastModified": 1692414505,
        "narHash": "sha256-sSTuyR9JYSxmUcYcj0Jvw1hIq1tz/Canw9mK0hEJvnE=",
        "owner": "NixOS",
        "repo": "nixpkgs",
        "rev": "4cdad15f34e6321a2f789b99d42815b9142ac2ba",
        "type": "github"
      },
      "original": {
        "id": "nixpkgs",
        "ref": "nixos-23.05",
        "type": "indirect"
      }
    },
    "plugin:delay-train": {
      "flake": false,
      "locked": {
        "lastModified": 1672273344,
        "narHash": "sha256-BZ2LSeD1lKyaP6CTSB9PmiGqUe8/p+Z3o56Mv6ZB2qM=",
        "owner": "ja-ford",
        "repo": "delaytrain.nvim",
        "rev": "eb8d2157e6a7de1b4f024f7ca5bccc4014d88b05",
        "type": "github"
      },
      "original": {
        "owner": "ja-ford",
        "repo": "delaytrain.nvim",
        "type": "github"
      }
    },
    "plugin:femaco": {
      "flake": false,
      "locked": {
        "lastModified": 1684849445,
        "narHash": "sha256-ud/odXvpoBPAcOTBn3X4k3qzwUJ2GVO2FhtXGFRemhM=",
        "owner": "AckslD",
        "repo": "nvim-FeMaco.lua",
        "rev": "c06f8befe4b9438aa4f4b763e70d77cabf5093f1",
        "type": "github"
      },
      "original": {
        "owner": "AckslD",
        "repo": "nvim-FeMaco.lua",
        "type": "github"
      }
    },
    "plugin:idris2-nvim": {
      "flake": false,
      "locked": {
        "lastModified": 1682180589,
        "narHash": "sha256-hP6uDArwIL0JpXd4j66v2cbJSSJOPLsu8/CCU03pjyo=",
        "owner": "ShinKage",
        "repo": "idris2-nvim",
        "rev": "3a2b4d2b5ffeab9e47298456c59c31b4e1ddebc9",
        "type": "github"
      },
      "original": {
        "owner": "ShinKage",
        "repo": "idris2-nvim",
        "type": "github"
      }
    },
    "plugin:image_preview": {
      "flake": false,
      "locked": {
        "lastModified": 1686331984,
        "narHash": "sha256-WbEb9TRpaadXUmu3urvCL98jjW5pveKe7R0bt1UPieQ=",
        "owner": "adelarsq",
        "repo": "image_preview.nvim",
        "rev": "367122b7fe7ab1a52fb71d09eab2db187de7330d",
        "type": "github"
      },
      "original": {
        "owner": "adelarsq",
        "repo": "image_preview.nvim",
        "type": "github"
      }
    },
    "plugin:lspconfig": {
      "flake": false,
      "locked": {
        "lastModified": 1690356683,
        "narHash": "sha256-Ama9nLC/T1wJWal6bKvgY0ywUUiJ5VLuIxoY1xbJKtY=",
        "owner": "neovim",
        "repo": "nvim-lspconfig",
        "rev": "b6091272422bb0fbd729f7f5d17a56d37499c54f",
        "type": "github"
      },
      "original": {
        "owner": "neovim",
        "repo": "nvim-lspconfig",
        "type": "github"
      }
    },
    "plugin:navbuddy": {
      "flake": false,
      "locked": {
        "lastModified": 1690773567,
        "narHash": "sha256-eQr/BWngNLRJvgT+CsZNyPPpMsITTpVM0VwAqKgK3GU=",
        "owner": "SmiteshP",
        "repo": "nvim-navbuddy",
        "rev": "15184582a786d6b32b2724a4799891d0d69f0cdd",
        "type": "github"
      },
      "original": {
        "owner": "SmiteshP",
        "repo": "nvim-navbuddy",
        "type": "github"
      }
    },
    "plugin:nim": {
      "flake": false,
      "locked": {
        "lastModified": 1659961705,
        "narHash": "sha256-erd0lPWPtwe15x7fAIl9XOQR7EsltJlVBj3Ik/542M4=",
        "owner": "alaviss",
        "repo": "nim.nvim",
        "rev": "87afde2ae995723e0338e1851c3b3c1cbd81d955",
        "type": "github"
      },
      "original": {
        "owner": "alaviss",
        "repo": "nim.nvim",
        "type": "github"
      }
    },
    "plugin:nvim-dap-go": {
      "flake": false,
      "locked": {
        "lastModified": 1689685925,
        "narHash": "sha256-SBxLArDO9U5Xm+iE5Sah9UU1zOggOGM2jPqqEPofceQ=",
        "owner": "leoluz",
        "repo": "nvim-dap-go",
        "rev": "eab43d63cef832801a701812913e4d1d726725e5",
        "type": "github"
      },
      "original": {
        "owner": "leoluz",
        "repo": "nvim-dap-go",
        "type": "github"
      }
    },
    "plugin:tree-climber": {
      "flake": false,
      "locked": {
        "lastModified": 1665733371,
        "narHash": "sha256-iivP8g8aSeEnS/dBcb0sg583ijzhWFA7w430xWPmjF0=",
        "owner": "drybalka",
        "repo": "tree-climber.nvim",
        "rev": "9b0c8c8358f575f924008945c74fd4f40d814cd7",
        "type": "github"
      },
      "original": {
        "owner": "drybalka",
        "repo": "tree-climber.nvim",
        "type": "github"
      }
    },
    "root": {
      "inputs": {
        "externalHostsfile": "externalHostsfile",
        "home-manager": "home-manager",
        "neovim": "neovim",
        "nix-index-database": "nix-index-database",
        "nixpkgs": "nixpkgs_2",
        "unstable": "unstable"
      }
    },
    "systems": {
      "locked": {
        "lastModified": 1681028828,
        "narHash": "sha256-Vy1rq5AaRuLzOxct8nz4T6wlgyUR7zLU309k9mBC768=",
        "owner": "nix-systems",
        "repo": "default",
        "rev": "da67096a3b9bf56a91d16901293e51ba5b49a27e",
        "type": "github"
      },
      "original": {
        "owner": "nix-systems",
        "repo": "default",
        "type": "github"
      }
    },
    "unstable": {
      "locked": {
        "lastModified": 1692447944,
        "narHash": "sha256-fkJGNjEmTPvqBs215EQU4r9ivecV5Qge5cF/QDLVn3U=",
        "owner": "NixOS",
        "repo": "nixpkgs",
        "rev": "d680ded26da5cf104dd2735a51e88d2d8f487b4d",
        "type": "github"
      },
      "original": {
        "id": "nixpkgs",
        "ref": "nixos-unstable",
        "type": "indirect"
      }
    }
  },
  "root": "root",
  "version": 7
}
