{
  "nodes": {
    "externalHostsfile": {
      "flake": false,
      "locked": {
        "narHash": "sha256-s/ntV6OavmOwvis2OwqGMOE4Bzema9NYgPGZr3ay4Yk=",
        "type": "file",
        "url": "https://github.com/StevenBlack/hosts/raw/master/alternates/fakenews-gambling-porn/hosts"
      },
      "original": {
        "type": "file",
        "url": "https://github.com/StevenBlack/hosts/raw/master/alternates/fakenews-gambling-porn/hosts"
      }
    },
    "extra_config": {
      "flake": false,
      "locked": {
        "lastModified": 1,
        "narHash": "sha256-UWHmidcK36pVAWCEkus4rCR8jwnQCgXZjWkdKuJmAu0=",
        "path": "/nix/store/6izgi48q1mbc0gzw9998mhw3pi946cdr-source/extra_config",
        "type": "path"
      },
      "original": {
        "path": "/nix/store/6izgi48q1mbc0gzw9998mhw3pi946cdr-source/extra_config",
        "type": "path"
      }
    },
    "flake-utils": {
      "inputs": {
        "systems": "systems"
      },
      "locked": {
        "lastModified": 1685518550,
        "narHash": "sha256-o2d0KcvaXzTrPRIo0kOLV0/QXHhDQ5DTi+OxcjO8xqY=",
        "owner": "numtide",
        "repo": "flake-utils",
        "rev": "a1720a10a6cfe8234c0e93907ffe81be440f4cef",
        "type": "github"
      },
      "original": {
        "owner": "numtide",
        "repo": "flake-utils",
        "type": "github"
      }
    },
    "flake-utils_2": {
      "locked": {
        "lastModified": 1667395993,
        "narHash": "sha256-nuEHfE/LcWyuSWnS8t12N1wc105Qtau+/OdUAjtQ0rA=",
        "owner": "numtide",
        "repo": "flake-utils",
        "rev": "5aed5285a952e0b949eb3ba02c12fa4fcfef535f",
        "type": "github"
      },
      "original": {
        "owner": "numtide",
        "repo": "flake-utils",
        "type": "github"
      }
    },
    "home-manager": {
      "inputs": {
        "nixpkgs": [
          "nixpkgs"
        ]
      },
      "locked": {
        "lastModified": 1685599623,
        "narHash": "sha256-Tob4CMOVHue0D3RzguDBCtUmX5ji2PsdbQDbIOIKvsc=",
        "owner": "nix-community",
        "repo": "home-manager",
        "rev": "93db05480c0c0f30382d3e80779e8386dcb4f9dd",
        "type": "github"
      },
      "original": {
        "owner": "nix-community",
        "ref": "release-23.05",
        "repo": "home-manager",
        "type": "github"
      }
    },
    "neovim": {
      "inputs": {
        "extra_config": "extra_config",
        "flake-utils": "flake-utils",
        "neovim-flake": "neovim-flake",
        "nixpkgs": "nixpkgs",
        "plugin:delay-train": "plugin:delay-train",
        "plugin:femaco": "plugin:femaco",
        "plugin:idris2-nvim": "plugin:idris2-nvim",
        "plugin:image_preview": "plugin:image_preview",
        "plugin:lspconfig": "plugin:lspconfig",
        "plugin:navbuddy": "plugin:navbuddy",
        "plugin:nim": "plugin:nim",
        "plugin:nvim-dap-go": "plugin:nvim-dap-go",
        "plugin:tree-climber": "plugin:tree-climber"
      },
      "locked": {
        "lastModified": 1686404764,
        "narHash": "sha256-ufggozP+vbLyqczwsjIC9Tv3yUDSKh19g5v5VJfIiy8=",
        "path": "/home/hofsiedge/.nixos-config/nvim",
        "type": "path"
      },
      "original": {
        "path": "/home/hofsiedge/.nixos-config/nvim",
        "type": "path"
      }
    },
    "neovim-flake": {
      "inputs": {
        "flake-utils": "flake-utils_2",
        "nixpkgs": [
          "neovim",
          "nixpkgs"
        ]
      },
      "locked": {
        "dir": "contrib",
        "lastModified": 1685359478,
        "narHash": "sha256-G51qD7GklEn0JrneKSSqDDx0Odi7W2FjdQc0ZDE9ZK4=",
        "owner": "neovim",
        "repo": "neovim",
        "rev": "7d4bba7aa7a4a3444919ea7a3804094c290395ef",
        "type": "github"
      },
      "original": {
        "dir": "contrib",
        "owner": "neovim",
        "ref": "stable",
        "repo": "neovim",
        "type": "github"
      }
    },
    "nixpkgs": {
      "locked": {
        "lastModified": 1686368671,
        "narHash": "sha256-/I1IsENqXtqCzmpcd+poC0vu6JZRlzjHMdi3FXYr5qI=",
        "owner": "nixos",
        "repo": "nixpkgs",
        "rev": "8f21f3a0a3b65567f21697597d7b061a4731345a",
        "type": "github"
      },
      "original": {
        "owner": "nixos",
        "ref": "nixpkgs-unstable",
        "repo": "nixpkgs",
        "type": "github"
      }
    },
    "nixpkgs_2": {
      "locked": {
        "lastModified": 1686331006,
        "narHash": "sha256-hElRDWUNG655aqF0awu+h5cmDN+I/dQcChRt2tGuGGU=",
        "owner": "NixOS",
        "repo": "nixpkgs",
        "rev": "85bcb95aa83be667e562e781e9d186c57a07d757",
        "type": "github"
      },
      "original": {
        "id": "nixpkgs",
        "ref": "nixos-23.05",
        "type": "indirect"
      }
    },
    "plugin:delay-train": {
      "flake": false,
      "locked": {
        "lastModified": 1672273344,
        "narHash": "sha256-BZ2LSeD1lKyaP6CTSB9PmiGqUe8/p+Z3o56Mv6ZB2qM=",
        "owner": "ja-ford",
        "repo": "delaytrain.nvim",
        "rev": "eb8d2157e6a7de1b4f024f7ca5bccc4014d88b05",
        "type": "github"
      },
      "original": {
        "owner": "ja-ford",
        "repo": "delaytrain.nvim",
        "type": "github"
      }
    },
    "plugin:femaco": {
      "flake": false,
      "locked": {
        "lastModified": 1684849445,
        "narHash": "sha256-ud/odXvpoBPAcOTBn3X4k3qzwUJ2GVO2FhtXGFRemhM=",
        "owner": "AckslD",
        "repo": "nvim-FeMaco.lua",
        "rev": "c06f8befe4b9438aa4f4b763e70d77cabf5093f1",
        "type": "github"
      },
      "original": {
        "owner": "AckslD",
        "repo": "nvim-FeMaco.lua",
        "type": "github"
      }
    },
    "plugin:idris2-nvim": {
      "flake": false,
      "locked": {
        "lastModified": 1682180589,
        "narHash": "sha256-hP6uDArwIL0JpXd4j66v2cbJSSJOPLsu8/CCU03pjyo=",
        "owner": "ShinKage",
        "repo": "idris2-nvim",
        "rev": "3a2b4d2b5ffeab9e47298456c59c31b4e1ddebc9",
        "type": "github"
      },
      "original": {
        "owner": "ShinKage",
        "repo": "idris2-nvim",
        "type": "github"
      }
    },
    "plugin:image_preview": {
      "flake": false,
      "locked": {
        "lastModified": 1686331984,
        "narHash": "sha256-WbEb9TRpaadXUmu3urvCL98jjW5pveKe7R0bt1UPieQ=",
        "owner": "adelarsq",
        "repo": "image_preview.nvim",
        "rev": "367122b7fe7ab1a52fb71d09eab2db187de7330d",
        "type": "github"
      },
      "original": {
        "owner": "adelarsq",
        "repo": "image_preview.nvim",
        "type": "github"
      }
    },
    "plugin:lspconfig": {
      "flake": false,
      "locked": {
        "lastModified": 1686400251,
        "narHash": "sha256-TeGmo0axt1iUuPf2fkYAhIy6G5Kyr3R2Jtk8WJZfHU8=",
        "owner": "neovim",
        "repo": "nvim-lspconfig",
        "rev": "08f1f347c718e945c3b1712ebb68c6834182cf3a",
        "type": "github"
      },
      "original": {
        "owner": "neovim",
        "repo": "nvim-lspconfig",
        "type": "github"
      }
    },
    "plugin:navbuddy": {
      "flake": false,
      "locked": {
        "lastModified": 1685258727,
        "narHash": "sha256-HE32Jufi/6r9IAKiy6+MiwAvoz1rSYwghDIeXCgTtg0=",
        "owner": "SmiteshP",
        "repo": "nvim-navbuddy",
        "rev": "0db1d62761131ca4d0665423b3f7903532763a77",
        "type": "github"
      },
      "original": {
        "owner": "SmiteshP",
        "repo": "nvim-navbuddy",
        "type": "github"
      }
    },
    "plugin:nim": {
      "flake": false,
      "locked": {
        "lastModified": 1659961705,
        "narHash": "sha256-erd0lPWPtwe15x7fAIl9XOQR7EsltJlVBj3Ik/542M4=",
        "owner": "alaviss",
        "repo": "nim.nvim",
        "rev": "87afde2ae995723e0338e1851c3b3c1cbd81d955",
        "type": "github"
      },
      "original": {
        "owner": "alaviss",
        "repo": "nim.nvim",
        "type": "github"
      }
    },
    "plugin:nvim-dap-go": {
      "flake": false,
      "locked": {
        "lastModified": 1684849022,
        "narHash": "sha256-yTj8nGmsRFovWl9/b7xeoPZDB491bLToSoO3Ru70nEc=",
        "owner": "leoluz",
        "repo": "nvim-dap-go",
        "rev": "cdf604a5703838f65fdee7c198f6cb59b563ef6f",
        "type": "github"
      },
      "original": {
        "owner": "leoluz",
        "repo": "nvim-dap-go",
        "type": "github"
      }
    },
    "plugin:tree-climber": {
      "flake": false,
      "locked": {
        "lastModified": 1665733371,
        "narHash": "sha256-iivP8g8aSeEnS/dBcb0sg583ijzhWFA7w430xWPmjF0=",
        "owner": "drybalka",
        "repo": "tree-climber.nvim",
        "rev": "9b0c8c8358f575f924008945c74fd4f40d814cd7",
        "type": "github"
      },
      "original": {
        "owner": "drybalka",
        "repo": "tree-climber.nvim",
        "type": "github"
      }
    },
    "root": {
      "inputs": {
        "externalHostsfile": "externalHostsfile",
        "home-manager": "home-manager",
        "neovim": "neovim",
        "nixpkgs": "nixpkgs_2",
        "unstable": "unstable"
      }
    },
    "systems": {
      "locked": {
        "lastModified": 1681028828,
        "narHash": "sha256-Vy1rq5AaRuLzOxct8nz4T6wlgyUR7zLU309k9mBC768=",
        "owner": "nix-systems",
        "repo": "default",
        "rev": "da67096a3b9bf56a91d16901293e51ba5b49a27e",
        "type": "github"
      },
      "original": {
        "owner": "nix-systems",
        "repo": "default",
        "type": "github"
      }
    },
    "unstable": {
      "locked": {
        "lastModified": 1686319658,
        "narHash": "sha256-tGWdoUAqKnE866mYFlEfc2a99kxFy31hOQJH5YQKrTQ=",
        "owner": "NixOS",
        "repo": "nixpkgs",
        "rev": "ae766d59b07c450e0f1de8a1bfd6529089f40849",
        "type": "github"
      },
      "original": {
        "id": "nixpkgs",
        "ref": "nixos-unstable",
        "type": "indirect"
      }
    }
  },
  "root": "root",
  "version": 7
}
