{
  "nodes": {
    "extra_config": {
      "flake": false,
      "locked": {
        "lastModified": 1,
        "narHash": "sha256-eNPKWc+AxOekXVNYgYM/K1QaCTA9mlOwsVwXQjQHrFM=",
        "path": "/nix/store/2mrxm97dasl2xsyrbq2j108j5waahvpv-source/nvim/extra_config",
        "type": "path"
      },
      "original": {
        "path": "/nix/store/2mrxm97dasl2xsyrbq2j108j5waahvpv-source/nvim/extra_config",
        "type": "path"
      }
    },
    "flake-utils": {
      "locked": {
        "lastModified": 1659877975,
        "narHash": "sha256-zllb8aq3YO3h8B/U0/J1WBgAL8EX5yWf5pMj3G0NAmc=",
        "owner": "numtide",
        "repo": "flake-utils",
        "rev": "c0e246b9b83f637f4681389ecabcb2681b4f3af0",
        "type": "github"
      },
      "original": {
        "owner": "numtide",
        "repo": "flake-utils",
        "type": "github"
      }
    },
    "flake-utils_2": {
      "locked": {
        "lastModified": 1659877975,
        "narHash": "sha256-zllb8aq3YO3h8B/U0/J1WBgAL8EX5yWf5pMj3G0NAmc=",
        "owner": "numtide",
        "repo": "flake-utils",
        "rev": "c0e246b9b83f637f4681389ecabcb2681b4f3af0",
        "type": "github"
      },
      "original": {
        "owner": "numtide",
        "repo": "flake-utils",
        "type": "github"
      }
    },
    "flake-utils_3": {
      "locked": {
        "lastModified": 1659877975,
        "narHash": "sha256-zllb8aq3YO3h8B/U0/J1WBgAL8EX5yWf5pMj3G0NAmc=",
        "owner": "numtide",
        "repo": "flake-utils",
        "rev": "c0e246b9b83f637f4681389ecabcb2681b4f3af0",
        "type": "github"
      },
      "original": {
        "owner": "numtide",
        "repo": "flake-utils",
        "type": "github"
      }
    },
    "neovim-flake": {
      "inputs": {
        "flake-utils": "flake-utils_2",
        "nixpkgs": [
          "nixpkgs"
        ]
      },
      "locked": {
        "dir": "contrib",
        "lastModified": 1666634702,
        "narHash": "sha256-/3PshCYBEPdE7BJE0QA2exdplVAoGkrYvlL0Ae+ZbUM=",
        "owner": "neovim",
        "repo": "neovim",
        "rev": "40791f8e8239dcb4dda1c4d61e2aa9088e75bb17",
        "type": "github"
      },
      "original": {
        "dir": "contrib",
        "owner": "neovim",
        "repo": "neovim",
        "type": "github"
      }
    },
    "nixpkgs": {
      "locked": {
        "lastModified": 1666634325,
        "narHash": "sha256-0PYdi0HDNasagoOrLv6LOXh2J++T+TnsDg8S/naJGDk=",
        "owner": "nixos",
        "repo": "nixpkgs",
        "rev": "969c3ccf30a6cf8f7d431f097743a491b0eda4f7",
        "type": "github"
      },
      "original": {
        "owner": "nixos",
        "ref": "nixpkgs-unstable",
        "repo": "nixpkgs",
        "type": "github"
      }
    },
    "nixpkgs_2": {
      "locked": {
        "lastModified": 1662096612,
        "narHash": "sha256-R+Q8l5JuyJryRPdiIaYpO5O3A55rT+/pItBrKcy7LM4=",
        "owner": "NixOS",
        "repo": "nixpkgs",
        "rev": "21de2b973f9fee595a7a1ac4693efff791245c34",
        "type": "github"
      },
      "original": {
        "id": "nixpkgs",
        "type": "indirect"
      }
    },
    "plugin:femaco": {
      "flake": false,
      "locked": {
        "lastModified": 1665401609,
        "narHash": "sha256-fayT1gtbxO0B3qK3pISsgarFVL9Kt/NWOyI26+S9Y+c=",
        "owner": "AckslD",
        "repo": "nvim-FeMaco.lua",
        "rev": "469465fc1adf8bddc2c9bbe549d38304de95e9f7",
        "type": "github"
      },
      "original": {
        "owner": "AckslD",
        "repo": "nvim-FeMaco.lua",
        "type": "github"
      }
    },
    "plugin:idris2-nvim": {
      "flake": false,
      "locked": {
        "lastModified": 1656065999,
        "narHash": "sha256-9HVuWGpiQba2R8u4NEbGWwJTTrpvYXFnNTJRp+FY9ko=",
        "owner": "ShinKage",
        "repo": "idris2-nvim",
        "rev": "dc211b56157d9ecf5edfdf3c8d7e98d17a86911b",
        "type": "github"
      },
      "original": {
        "owner": "ShinKage",
        "repo": "idris2-nvim",
        "type": "github"
      }
    },
    "plugin:nvim-dap-go": {
      "flake": false,
      "locked": {
        "lastModified": 1663291470,
        "narHash": "sha256-N02snYCekDRv5+GB1ilTJuZfxzn5UheQtVFk4wjxjuc=",
        "owner": "leoluz",
        "repo": "nvim-dap-go",
        "rev": "c2902bb96c45e872d947d7e174775e652439add4",
        "type": "github"
      },
      "original": {
        "owner": "leoluz",
        "repo": "nvim-dap-go",
        "type": "github"
      }
    },
    "root": {
      "inputs": {
        "extra_config": "extra_config",
        "flake-utils": "flake-utils",
        "neovim-flake": "neovim-flake",
        "nixpkgs": "nixpkgs",
        "plugin:femaco": "plugin:femaco",
        "plugin:idris2-nvim": "plugin:idris2-nvim",
        "plugin:nvim-dap-go": "plugin:nvim-dap-go",
        "tree-sitter-astro": "tree-sitter-astro"
      }
    },
    "tree-sitter-astro": {
      "inputs": {
        "flake-utils": "flake-utils_3",
        "nixpkgs": "nixpkgs_2"
      },
      "locked": {
        "lastModified": 1663065578,
        "narHash": "sha256-q1ni++SPbq5y+47fPb6TryMw86gpULwNcXwi5yjXCWI=",
        "owner": "virchau13",
        "repo": "tree-sitter-astro",
        "rev": "947e93089e60c66e681eba22283f4037841451e7",
        "type": "github"
      },
      "original": {
        "owner": "virchau13",
        "repo": "tree-sitter-astro",
        "type": "github"
      }
    }
  },
  "root": "root",
  "version": 7
}
